
Microsoft Visual Studio Solution File, Format Version 12.00
# Visual Studio Version 17
VisualStudioVersion = 17.0.31903.59
MinimumVisualStudioVersion = 10.0.40219.1
Project("{2150E333-8FDC-42A3-9474-1A3956D46DE8}") = "src", "src", "{827E0CD3-B72D-47B6-A68D-7590B98EB39B}"
EndProject
Project("{FAE04EC0-301F-11D3-BF4B-00C04F79EFBC}") = "ETL.Web", "src\ETL.Web\ETL.Web.csproj", "{0F4ED24F-3139-486B-AF8E-964BD95FB31F}"
EndProject
Project("{FAE04EC0-301F-11D3-BF4B-00C04F79EFBC}") = "ETL.Domain", "src\ETL.Domain\ETL.Domain.csproj", "{583AE4DC-03AF-4119-BC64-B0E9590148B2}"
EndProject
Project("{FAE04EC0-301F-11D3-BF4B-00C04F79EFBC}") = "ETL.Application", "src\ETL.Application\ETL.Application.csproj", "{198B5885-AC77-4909-A16E-3CA893632DE1}"
EndProject
Project("{FAE04EC0-301F-11D3-BF4B-00C04F79EFBC}") = "ETL.Infrastructure", "src\ETL.Infrastructure\ETL.Infrastructure.csproj", "{06D41A20-1F66-4998-AF27-34E477663A49}"
EndProject
Project("{2150E333-8FDC-42A3-9474-1A3956D46DE8}") = "tests", "tests", "{0AB3BF05-4346-4AA6-1389-037BE0695223}"
EndProject
Project("{FAE04EC0-301F-11D3-BF4B-00C04F79EFBC}") = "ETL.Application.Tests", "tests\ETL.Application.Tests\ETL.Application.Tests.csproj", "{527F7D3F-EBCD-40C0-B5D5-ED4E10A0BF97}"
EndProject
Global
	GlobalSection(SolutionConfigurationPlatforms) = preSolution
		Debug|Any CPU = Debug|Any CPU
		Debug|x64 = Debug|x64
		Debug|x86 = Debug|x86
		Release|Any CPU = Release|Any CPU
		Release|x64 = Release|x64
		Release|x86 = Release|x86
	EndGlobalSection
	GlobalSection(ProjectConfigurationPlatforms) = postSolution
		{0F4ED24F-3139-486B-AF8E-964BD95FB31F}.Debug|Any CPU.ActiveCfg = Debug|Any CPU
		{0F4ED24F-3139-486B-AF8E-964BD95FB31F}.Debug|Any CPU.Build.0 = Debug|Any CPU
		{0F4ED24F-3139-486B-AF8E-964BD95FB31F}.Debug|x64.ActiveCfg = Debug|Any CPU
		{0F4ED24F-3139-486B-AF8E-964BD95FB31F}.Debug|x64.Build.0 = Debug|Any CPU
		{0F4ED24F-3139-486B-AF8E-964BD95FB31F}.Debug|x86.ActiveCfg = Debug|Any CPU
		{0F4ED24F-3139-486B-AF8E-964BD95FB31F}.Debug|x86.Build.0 = Debug|Any CPU
		{0F4ED24F-3139-486B-AF8E-964BD95FB31F}.Release|Any CPU.ActiveCfg = Release|Any CPU
		{0F4ED24F-3139-486B-AF8E-964BD95FB31F}.Release|Any CPU.Build.0 = Release|Any CPU
		{0F4ED24F-3139-486B-AF8E-964BD95FB31F}.Release|x64.ActiveCfg = Release|Any CPU
		{0F4ED24F-3139-486B-AF8E-964BD95FB31F}.Release|x64.Build.0 = Release|Any CPU
		{0F4ED24F-3139-486B-AF8E-964BD95FB31F}.Release|x86.ActiveCfg = Release|Any CPU
		{0F4ED24F-3139-486B-AF8E-964BD95FB31F}.Release|x86.Build.0 = Release|Any CPU
		{583AE4DC-03AF-4119-BC64-B0E9590148B2}.Debug|Any CPU.ActiveCfg = Debug|Any CPU
		{583AE4DC-03AF-4119-BC64-B0E9590148B2}.Debug|Any CPU.Build.0 = Debug|Any CPU
		{583AE4DC-03AF-4119-BC64-B0E9590148B2}.Debug|x64.ActiveCfg = Debug|Any CPU
		{583AE4DC-03AF-4119-BC64-B0E9590148B2}.Debug|x64.Build.0 = Debug|Any CPU
		{583AE4DC-03AF-4119-BC64-B0E9590148B2}.Debug|x86.ActiveCfg = Debug|Any CPU
		{583AE4DC-03AF-4119-BC64-B0E9590148B2}.Debug|x86.Build.0 = Debug|Any CPU
		{583AE4DC-03AF-4119-BC64-B0E9590148B2}.Release|Any CPU.ActiveCfg = Release|Any CPU
		{583AE4DC-03AF-4119-BC64-B0E9590148B2}.Release|Any CPU.Build.0 = Release|Any CPU
		{583AE4DC-03AF-4119-BC64-B0E9590148B2}.Release|x64.ActiveCfg = Release|Any CPU
		{583AE4DC-03AF-4119-BC64-B0E9590148B2}.Release|x64.Build.0 = Release|Any CPU
		{583AE4DC-03AF-4119-BC64-B0E9590148B2}.Release|x86.ActiveCfg = Release|Any CPU
		{583AE4DC-03AF-4119-BC64-B0E9590148B2}.Release|x86.Build.0 = Release|Any CPU
		{198B5885-AC77-4909-A16E-3CA893632DE1}.Debug|Any CPU.ActiveCfg = Debug|Any CPU
		{198B5885-AC77-4909-A16E-3CA893632DE1}.Debug|Any CPU.Build.0 = Debug|Any CPU
		{198B5885-AC77-4909-A16E-3CA893632DE1}.Debug|x64.ActiveCfg = Debug|Any CPU
		{198B5885-AC77-4909-A16E-3CA893632DE1}.Debug|x64.Build.0 = Debug|Any CPU
		{198B5885-AC77-4909-A16E-3CA893632DE1}.Debug|x86.ActiveCfg = Debug|Any CPU
		{198B5885-AC77-4909-A16E-3CA893632DE1}.Debug|x86.Build.0 = Debug|Any CPU
		{198B5885-AC77-4909-A16E-3CA893632DE1}.Release|Any CPU.ActiveCfg = Release|Any CPU
		{198B5885-AC77-4909-A16E-3CA893632DE1}.Release|Any CPU.Build.0 = Release|Any CPU
		{198B5885-AC77-4909-A16E-3CA893632DE1}.Release|x64.ActiveCfg = Release|Any CPU
		{198B5885-AC77-4909-A16E-3CA893632DE1}.Release|x64.Build.0 = Release|Any CPU
		{198B5885-AC77-4909-A16E-3CA893632DE1}.Release|x86.ActiveCfg = Release|Any CPU
		{198B5885-AC77-4909-A16E-3CA893632DE1}.Release|x86.Build.0 = Release|Any CPU
		{06D41A20-1F66-4998-AF27-34E477663A49}.Debug|Any CPU.ActiveCfg = Debug|Any CPU
		{06D41A20-1F66-4998-AF27-34E477663A49}.Debug|Any CPU.Build.0 = Debug|Any CPU
		{06D41A20-1F66-4998-AF27-34E477663A49}.Debug|x64.ActiveCfg = Debug|Any CPU
		{06D41A20-1F66-4998-AF27-34E477663A49}.Debug|x64.Build.0 = Debug|Any CPU
		{06D41A20-1F66-4998-AF27-34E477663A49}.Debug|x86.ActiveCfg = Debug|Any CPU
		{06D41A20-1F66-4998-AF27-34E477663A49}.Debug|x86.Build.0 = Debug|Any CPU
		{06D41A20-1F66-4998-AF27-34E477663A49}.Release|Any CPU.ActiveCfg = Release|Any CPU
		{06D41A20-1F66-4998-AF27-34E477663A49}.Release|Any CPU.Build.0 = Release|Any CPU
		{06D41A20-1F66-4998-AF27-34E477663A49}.Release|x64.ActiveCfg = Release|Any CPU
		{06D41A20-1F66-4998-AF27-34E477663A49}.Release|x64.Build.0 = Release|Any CPU
		{06D41A20-1F66-4998-AF27-34E477663A49}.Release|x86.ActiveCfg = Release|Any CPU
		{06D41A20-1F66-4998-AF27-34E477663A49}.Release|x86.Build.0 = Release|Any CPU
		{527F7D3F-EBCD-40C0-B5D5-ED4E10A0BF97}.Debug|Any CPU.ActiveCfg = Debug|Any CPU
		{527F7D3F-EBCD-40C0-B5D5-ED4E10A0BF97}.Debug|Any CPU.Build.0 = Debug|Any CPU
		{527F7D3F-EBCD-40C0-B5D5-ED4E10A0BF97}.Debug|x64.ActiveCfg = Debug|Any CPU
		{527F7D3F-EBCD-40C0-B5D5-ED4E10A0BF97}.Debug|x64.Build.0 = Debug|Any CPU
		{527F7D3F-EBCD-40C0-B5D5-ED4E10A0BF97}.Debug|x86.ActiveCfg = Debug|Any CPU
		{527F7D3F-EBCD-40C0-B5D5-ED4E10A0BF97}.Debug|x86.Build.0 = Debug|Any CPU
		{527F7D3F-EBCD-40C0-B5D5-ED4E10A0BF97}.Release|Any CPU.ActiveCfg = Release|Any CPU
		{527F7D3F-EBCD-40C0-B5D5-ED4E10A0BF97}.Release|Any CPU.Build.0 = Release|Any CPU
		{527F7D3F-EBCD-40C0-B5D5-ED4E10A0BF97}.Release|x64.ActiveCfg = Release|Any CPU
		{527F7D3F-EBCD-40C0-B5D5-ED4E10A0BF97}.Release|x64.Build.0 = Release|Any CPU
		{527F7D3F-EBCD-40C0-B5D5-ED4E10A0BF97}.Release|x86.ActiveCfg = Release|Any CPU
		{527F7D3F-EBCD-40C0-B5D5-ED4E10A0BF97}.Release|x86.Build.0 = Release|Any CPU
	EndGlobalSection
	GlobalSection(SolutionProperties) = preSolution
		HideSolutionNode = FALSE
	EndGlobalSection
	GlobalSection(NestedProjects) = preSolution
		{0F4ED24F-3139-486B-AF8E-964BD95FB31F} = {827E0CD3-B72D-47B6-A68D-7590B98EB39B}
		{583AE4DC-03AF-4119-BC64-B0E9590148B2} = {827E0CD3-B72D-47B6-A68D-7590B98EB39B}
		{198B5885-AC77-4909-A16E-3CA893632DE1} = {827E0CD3-B72D-47B6-A68D-7590B98EB39B}
		{06D41A20-1F66-4998-AF27-34E477663A49} = {827E0CD3-B72D-47B6-A68D-7590B98EB39B}
		{527F7D3F-EBCD-40C0-B5D5-ED4E10A0BF97} = {0AB3BF05-4346-4AA6-1389-037BE0695223}
	EndGlobalSection
EndGlobal
